
Microsoft Visual Studio Solution File, Format Version 12.00
# Visual Studio Version 17
VisualStudioVersion = 17.4.33110.190
MinimumVisualStudioVersion = 10.0.40219.1
Project("{FAE04EC0-301F-11D3-BF4B-00C04F79EFBC}") = "EccomerceAutomationTest.specs", "..\EccomerceAutomationTest.specs\EccomerceAutomationTest.specs.csproj", "{68198B2A-1383-4D46-A998-92BA48013ED5}"
EndProject
Global
	GlobalSection(SolutionConfigurationPlatforms) = preSolution
		Debug|Any CPU = Debug|Any CPU
		Release|Any CPU = Release|Any CPU
	EndGlobalSection
	GlobalSection(ProjectConfigurationPlatforms) = postSolution
		{68198B2A-1383-4D46-A998-92BA48013ED5}.Debug|Any CPU.ActiveCfg = Debug|Any CPU
		{68198B2A-1383-4D46-A998-92BA48013ED5}.Debug|Any CPU.Build.0 = Debug|Any CPU
		{68198B2A-1383-4D46-A998-92BA48013ED5}.Release|Any CPU.ActiveCfg = Release|Any CPU
		{68198B2A-1383-4D46-A998-92BA48013ED5}.Release|Any CPU.Build.0 = Release|Any CPU
	EndGlobalSection
	GlobalSection(SolutionProperties) = preSolution
		HideSolutionNode = FALSE
	EndGlobalSection
	GlobalSection(ExtensibilityGlobals) = postSolution
		SolutionGuid = {B026E40D-10E2-45B2-8A4F-58801C9416B0}
	EndGlobalSection
EndGlobal
